
Microsoft Visual Studio Solution File, Format Version 12.00
# Visual Studio Version 17
VisualStudioVersion = 17.10.35122.118
MinimumVisualStudioVersion = 10.0.40219.1
Project("{9A19103F-16F7-4668-BE54-9A1E7A4F7556}") = "Foody.EntityLayer", "Foody.EntityLayer\Foody.EntityLayer.csproj", "{5BAF4487-681F-47FA-A910-389A8BC60EF2}"
EndProject
Project("{9A19103F-16F7-4668-BE54-9A1E7A4F7556}") = "Foody.DataAccessLayer", "Foody.DataAccessLayer\Foody.DataAccessLayer.csproj", "{F1162EB4-3AAE-459B-89E4-D6CBC7B47CF7}"
EndProject
Project("{9A19103F-16F7-4668-BE54-9A1E7A4F7556}") = "Foody.BusinessLayer", "Foody.BusinessLayer\Foody.BusinessLayer.csproj", "{D32D9829-22C9-456F-9807-BD927BFAA009}"
EndProject
Project("{9A19103F-16F7-4668-BE54-9A1E7A4F7556}") = "Foody.PresentationLayer", "Foody.PresentationLayer\Foody.PresentationLayer.csproj", "{36C5F9FA-3B47-4C9A-8317-34ED718D2568}"
EndProject
Project("{FAE04EC0-301F-11D3-BF4B-00C04F79EFBC}") = "Foody.DtoLayer", "Foody.DtoLayer\Foody.DtoLayer.csproj", "{DE66FB4D-FFB2-438A-B411-783AFB6C4846}"
EndProject
Global
	GlobalSection(SolutionConfigurationPlatforms) = preSolution
		Debug|Any CPU = Debug|Any CPU
		Release|Any CPU = Release|Any CPU
	EndGlobalSection
	GlobalSection(ProjectConfigurationPlatforms) = postSolution
		{5BAF4487-681F-47FA-A910-389A8BC60EF2}.Debug|Any CPU.ActiveCfg = Debug|Any CPU
		{5BAF4487-681F-47FA-A910-389A8BC60EF2}.Debug|Any CPU.Build.0 = Debug|Any CPU
		{5BAF4487-681F-47FA-A910-389A8BC60EF2}.Release|Any CPU.ActiveCfg = Release|Any CPU
		{5BAF4487-681F-47FA-A910-389A8BC60EF2}.Release|Any CPU.Build.0 = Release|Any CPU
		{F1162EB4-3AAE-459B-89E4-D6CBC7B47CF7}.Debug|Any CPU.ActiveCfg = Debug|Any CPU
		{F1162EB4-3AAE-459B-89E4-D6CBC7B47CF7}.Debug|Any CPU.Build.0 = Debug|Any CPU
		{F1162EB4-3AAE-459B-89E4-D6CBC7B47CF7}.Release|Any CPU.ActiveCfg = Release|Any CPU
		{F1162EB4-3AAE-459B-89E4-D6CBC7B47CF7}.Release|Any CPU.Build.0 = Release|Any CPU
		{D32D9829-22C9-456F-9807-BD927BFAA009}.Debug|Any CPU.ActiveCfg = Debug|Any CPU
		{D32D9829-22C9-456F-9807-BD927BFAA009}.Debug|Any CPU.Build.0 = Debug|Any CPU
		{D32D9829-22C9-456F-9807-BD927BFAA009}.Release|Any CPU.ActiveCfg = Release|Any CPU
		{D32D9829-22C9-456F-9807-BD927BFAA009}.Release|Any CPU.Build.0 = Release|Any CPU
		{36C5F9FA-3B47-4C9A-8317-34ED718D2568}.Debug|Any CPU.ActiveCfg = Debug|Any CPU
		{36C5F9FA-3B47-4C9A-8317-34ED718D2568}.Debug|Any CPU.Build.0 = Debug|Any CPU
		{36C5F9FA-3B47-4C9A-8317-34ED718D2568}.Release|Any CPU.ActiveCfg = Release|Any CPU
		{36C5F9FA-3B47-4C9A-8317-34ED718D2568}.Release|Any CPU.Build.0 = Release|Any CPU
		{DE66FB4D-FFB2-438A-B411-783AFB6C4846}.Debug|Any CPU.ActiveCfg = Debug|Any CPU
		{DE66FB4D-FFB2-438A-B411-783AFB6C4846}.Debug|Any CPU.Build.0 = Debug|Any CPU
		{DE66FB4D-FFB2-438A-B411-783AFB6C4846}.Release|Any CPU.ActiveCfg = Release|Any CPU
		{DE66FB4D-FFB2-438A-B411-783AFB6C4846}.Release|Any CPU.Build.0 = Release|Any CPU
	EndGlobalSection
	GlobalSection(SolutionProperties) = preSolution
		HideSolutionNode = FALSE
	EndGlobalSection
	GlobalSection(ExtensibilityGlobals) = postSolution
		SolutionGuid = {CCCBB7FE-545B-4FD4-AF98-6CD4DC71E6E5}
	EndGlobalSection
EndGlobal
